
Microsoft Visual Studio Solution File, Format Version 12.00
# Visual Studio 14
VisualStudioVersion = 14.0.25420.1
MinimumVisualStudioVersion = 10.0.40219.1
Project("{FAE04EC0-301F-11D3-BF4B-00C04F79EFBC}") = "SSC_Server", "SSC_Server\SSC_Server.csproj", "{453D7EF1-1D8F-4952-AB71-88FB55913359}"
EndProject
Project("{FAE04EC0-301F-11D3-BF4B-00C04F79EFBC}") = "SSC_Client", "SSC_Client\SSC_Client.csproj", "{E4A4BF1F-5C31-422F-9C19-497D7F17D33C}"
EndProject
Project("{888888A0-9F3D-457C-B088-3A5042F75D52}") = "SSC_Server_py", "SSC_Server_py\SSC_Server_py.pyproj", "{F0D9617F-CE08-4E6D-B2E0-CFC81ECF87F8}"
EndProject
Global
	GlobalSection(SolutionConfigurationPlatforms) = preSolution
		Debug|Any CPU = Debug|Any CPU
		Release|Any CPU = Release|Any CPU
	EndGlobalSection
	GlobalSection(ProjectConfigurationPlatforms) = postSolution
		{453D7EF1-1D8F-4952-AB71-88FB55913359}.Debug|Any CPU.ActiveCfg = Debug|Any CPU
		{453D7EF1-1D8F-4952-AB71-88FB55913359}.Debug|Any CPU.Build.0 = Debug|Any CPU
		{453D7EF1-1D8F-4952-AB71-88FB55913359}.Release|Any CPU.ActiveCfg = Release|Any CPU
		{453D7EF1-1D8F-4952-AB71-88FB55913359}.Release|Any CPU.Build.0 = Release|Any CPU
		{E4A4BF1F-5C31-422F-9C19-497D7F17D33C}.Debug|Any CPU.ActiveCfg = Debug|Any CPU
		{E4A4BF1F-5C31-422F-9C19-497D7F17D33C}.Debug|Any CPU.Build.0 = Debug|Any CPU
		{E4A4BF1F-5C31-422F-9C19-497D7F17D33C}.Release|Any CPU.ActiveCfg = Release|Any CPU
		{E4A4BF1F-5C31-422F-9C19-497D7F17D33C}.Release|Any CPU.Build.0 = Release|Any CPU
		{F0D9617F-CE08-4E6D-B2E0-CFC81ECF87F8}.Debug|Any CPU.ActiveCfg = Debug|Any CPU
		{F0D9617F-CE08-4E6D-B2E0-CFC81ECF87F8}.Release|Any CPU.ActiveCfg = Release|Any CPU
	EndGlobalSection
	GlobalSection(SolutionProperties) = preSolution
		HideSolutionNode = FALSE
	EndGlobalSection
EndGlobal
